
Microsoft Visual Studio Solution File, Format Version 12.00
# Visual Studio Version 17
VisualStudioVersion = 17.9.34728.123
MinimumVisualStudioVersion = 10.0.40219.1
Project("{FAE04EC0-301F-11D3-BF4B-00C04F79EFBC}") = "IP-tracer", "IP-tracer\IP-tracer.csproj", "{C0E6AC22-6FC1-4878-88B9-CE435C49C724}"
EndProject
Global
	GlobalSection(SolutionConfigurationPlatforms) = preSolution
		Debug|Any CPU = Debug|Any CPU
		Release|Any CPU = Release|Any CPU
	EndGlobalSection
	GlobalSection(ProjectConfigurationPlatforms) = postSolution
		{C0E6AC22-6FC1-4878-88B9-CE435C49C724}.Debug|Any CPU.ActiveCfg = Debug|Any CPU
		{C0E6AC22-6FC1-4878-88B9-CE435C49C724}.Debug|Any CPU.Build.0 = Debug|Any CPU
		{C0E6AC22-6FC1-4878-88B9-CE435C49C724}.Release|Any CPU.ActiveCfg = Release|Any CPU
		{C0E6AC22-6FC1-4878-88B9-CE435C49C724}.Release|Any CPU.Build.0 = Release|Any CPU
	EndGlobalSection
	GlobalSection(SolutionProperties) = preSolution
		HideSolutionNode = FALSE
	EndGlobalSection
	GlobalSection(ExtensibilityGlobals) = postSolution
		SolutionGuid = {AE7EE482-5305-4739-8FCA-8E44386E2C01}
	EndGlobalSection
EndGlobal
